// !$*UTF8*$!
{
	archiveVersion = 1;
	classes = {
	};
	objectVersion = 56;
	objects = {

/* Begin PBXBuildFile section */
		26DA06712C54ED0500EF89D9 /* Tourist_AttractionsApp.swift in Sources */ = {isa = PBXBuildFile; fileRef = 26DA06702C54ED0500EF89D9 /* Tourist_AttractionsApp.swift */; };
		26DA06732C54ED0500EF89D9 /* ContentView.swift in Sources */ = {isa = PBXBuildFile; fileRef = 26DA06722C54ED0500EF89D9 /* ContentView.swift */; };
		26DA06752C54ED0700EF89D9 /* Assets.xcassets in Resources */ = {isa = PBXBuildFile; fileRef = 26DA06742C54ED0700EF89D9 /* Assets.xcassets */; };
		26DA06782C54ED0700EF89D9 /* Preview Assets.xcassets in Resources */ = {isa = PBXBuildFile; fileRef = 26DA06772C54ED0700EF89D9 /* Preview Assets.xcassets */; };
		26DA06822C54ED0700EF89D9 /* Tourist_AttractionsTests.swift in Sources */ = {isa = PBXBuildFile; fileRef = 26DA06812C54ED0700EF89D9 /* Tourist_AttractionsTests.swift */; };
		26DA068C2C54ED0700EF89D9 /* Tourist_AttractionsUITests.swift in Sources */ = {isa = PBXBuildFile; fileRef = 26DA068B2C54ED0700EF89D9 /* Tourist_AttractionsUITests.swift */; };
		26DA068E2C54ED0700EF89D9 /* Tourist_AttractionsUITestsLaunchTests.swift in Sources */ = {isa = PBXBuildFile; fileRef = 26DA068D2C54ED0700EF89D9 /* Tourist_AttractionsUITestsLaunchTests.swift */; };
/* End PBXBuildFile section */

/* Begin PBXContainerItemProxy section */
		26DA067E2C54ED0700EF89D9 /* PBXContainerItemProxy */ = {
			isa = PBXContainerItemProxy;
			containerPortal = 26DA06652C54ED0500EF89D9 /* Project object */;
			proxyType = 1;
			remoteGlobalIDString = 26DA066C2C54ED0500EF89D9;
			remoteInfo = "Tourist Attractions";
		};
		26DA06882C54ED0700EF89D9 /* PBXContainerItemProxy */ = {
			isa = PBXContainerItemProxy;
			containerPortal = 26DA06652C54ED0500EF89D9 /* Project object */;
			proxyType = 1;
			remoteGlobalIDString = 26DA066C2C54ED0500EF89D9;
			remoteInfo = "Tourist Attractions";
		};
/* End PBXContainerItemProxy section */

/* Begin PBXFileReference section */
		26DA066D2C54ED0500EF89D9 /* Tourist Attractions.app */ = {isa = PBXFileReference; explicitFileType = wrapper.application; includeInIndex = 0; path = "Tourist Attractions.app"; sourceTree = BUILT_PRODUCTS_DIR; };
		26DA06702C54ED0500EF89D9 /* Tourist_AttractionsApp.swift */ = {isa = PBXFileReference; lastKnownFileType = sourcecode.swift; path = Tourist_AttractionsApp.swift; sourceTree = "<group>"; };
		26DA06722C54ED0500EF89D9 /* ContentView.swift */ = {isa = PBXFileReference; lastKnownFileType = sourcecode.swift; path = ContentView.swift; sourceTree = "<group>"; };
		26DA06742C54ED0700EF89D9 /* Assets.xcassets */ = {isa = PBXFileReference; lastKnownFileType = folder.assetcatalog; path = Assets.xcassets; sourceTree = "<group>"; };
		26DA06772C54ED0700EF89D9 /* Preview Assets.xcassets */ = {isa = PBXFileReference; lastKnownFileType = folder.assetcatalog; path = "Preview Assets.xcassets"; sourceTree = "<group>"; };
		26DA067D2C54ED0700EF89D9 /* Tourist AttractionsTests.xctest */ = {isa = PBXFileReference; explicitFileType = wrapper.cfbundle; includeInIndex = 0; path = "Tourist AttractionsTests.xctest"; sourceTree = BUILT_PRODUCTS_DIR; };
		26DA06812C54ED0700EF89D9 /* Tourist_AttractionsTests.swift */ = {isa = PBXFileReference; lastKnownFileType = sourcecode.swift; path = Tourist_AttractionsTests.swift; sourceTree = "<group>"; };
		26DA06872C54ED0700EF89D9 /* Tourist AttractionsUITests.xctest */ = {isa = PBXFileReference; explicitFileType = wrapper.cfbundle; includeInIndex = 0; path = "Tourist AttractionsUITests.xctest"; sourceTree = BUILT_PRODUCTS_DIR; };
		26DA068B2C54ED0700EF89D9 /* Tourist_AttractionsUITests.swift */ = {isa = PBXFileReference; lastKnownFileType = sourcecode.swift; path = Tourist_AttractionsUITests.swift; sourceTree = "<group>"; };
		26DA068D2C54ED0700EF89D9 /* Tourist_AttractionsUITestsLaunchTests.swift */ = {isa = PBXFileReference; lastKnownFileType = sourcecode.swift; path = Tourist_AttractionsUITestsLaunchTests.swift; sourceTree = "<group>"; };
/* End PBXFileReference section */

/* Begin PBXFrameworksBuildPhase section */
		26DA066A2C54ED0500EF89D9 /* Frameworks */ = {
			isa = PBXFrameworksBuildPhase;
			buildActionMask = 2147483647;
			files = (
			);
			runOnlyForDeploymentPostprocessing = 0;
		};
		26DA067A2C54ED0700EF89D9 /* Frameworks */ = {
			isa = PBXFrameworksBuildPhase;
			buildActionMask = 2147483647;
			files = (
			);
			runOnlyForDeploymentPostprocessing = 0;
		};
		26DA06842C54ED0700EF89D9 /* Frameworks */ = {
			isa = PBXFrameworksBuildPhase;
			buildActionMask = 2147483647;
			files = (
			);
			runOnlyForDeploymentPostprocessing = 0;
		};
/* End PBXFrameworksBuildPhase section */

/* Begin PBXGroup section */
		26DA06642C54ED0500EF89D9 = {
			isa = PBXGroup;
			children = (
				26DA066F2C54ED0500EF89D9 /* Tourist Attractions */,
				26DA06802C54ED0700EF89D9 /* Tourist AttractionsTests */,
				26DA068A2C54ED0700EF89D9 /* Tourist AttractionsUITests */,
				26DA066E2C54ED0500EF89D9 /* Products */,
			);
			sourceTree = "<group>";
		};
		26DA066E2C54ED0500EF89D9 /* Products */ = {
			isa = PBXGroup;
			children = (
				26DA066D2C54ED0500EF89D9 /* Tourist Attractions.app */,
				26DA067D2C54ED0700EF89D9 /* Tourist AttractionsTests.xctest */,
				26DA06872C54ED0700EF89D9 /* Tourist AttractionsUITests.xctest */,
			);
			name = Products;
			sourceTree = "<group>";
		};
		26DA066F2C54ED0500EF89D9 /* Tourist Attractions */ = {
			isa = PBXGroup;
			children = (
				26DA06702C54ED0500EF89D9 /* Tourist_AttractionsApp.swift */,
				26DA06722C54ED0500EF89D9 /* ContentView.swift */,
				26DA06742C54ED0700EF89D9 /* Assets.xcassets */,
				26DA06762C54ED0700EF89D9 /* Preview Content */,
			);
			path = "Tourist Attractions";
			sourceTree = "<group>";
		};
		26DA06762C54ED0700EF89D9 /* Preview Content */ = {
			isa = PBXGroup;
			children = (
				26DA06772C54ED0700EF89D9 /* Preview Assets.xcassets */,
			);
			path = "Preview Content";
			sourceTree = "<group>";
		};
		26DA06802C54ED0700EF89D9 /* Tourist AttractionsTests */ = {
			isa = PBXGroup;
			children = (
				26DA06812C54ED0700EF89D9 /* Tourist_AttractionsTests.swift */,
			);
			path = "Tourist AttractionsTests";
			sourceTree = "<group>";
		};
		26DA068A2C54ED0700EF89D9 /* Tourist AttractionsUITests */ = {
			isa = PBXGroup;
			children = (
				26DA068B2C54ED0700EF89D9 /* Tourist_AttractionsUITests.swift */,
				26DA068D2C54ED0700EF89D9 /* Tourist_AttractionsUITestsLaunchTests.swift */,
			);
			path = "Tourist AttractionsUITests";
			sourceTree = "<group>";
		};
/* End PBXGroup section */

/* Begin PBXNativeTarget section */
		26DA066C2C54ED0500EF89D9 /* Tourist Attractions */ = {
			isa = PBXNativeTarget;
			buildConfigurationList = 26DA06912C54ED0700EF89D9 /* Build configuration list for PBXNativeTarget "Tourist Attractions" */;
			buildPhases = (
				26DA06692C54ED0500EF89D9 /* Sources */,
				26DA066A2C54ED0500EF89D9 /* Frameworks */,
				26DA066B2C54ED0500EF89D9 /* Resources */,
			);
			buildRules = (
			);
			dependencies = (
			);
			name = "Tourist Attractions";
			productName = "Tourist Attractions";
			productReference = 26DA066D2C54ED0500EF89D9 /* Tourist Attractions.app */;
			productType = "com.apple.product-type.application";
		};
		26DA067C2C54ED0700EF89D9 /* Tourist AttractionsTests */ = {
			isa = PBXNativeTarget;
			buildConfigurationList = 26DA06942C54ED0700EF89D9 /* Build configuration list for PBXNativeTarget "Tourist AttractionsTests" */;
			buildPhases = (
				26DA06792C54ED0700EF89D9 /* Sources */,
				26DA067A2C54ED0700EF89D9 /* Frameworks */,
				26DA067B2C54ED0700EF89D9 /* Resources */,
			);
			buildRules = (
			);
			dependencies = (
				26DA067F2C54ED0700EF89D9 /* PBXTargetDependency */,
			);
			name = "Tourist AttractionsTests";
			productName = "Tourist AttractionsTests";
			productReference = 26DA067D2C54ED0700EF89D9 /* Tourist AttractionsTests.xctest */;
			productType = "com.apple.product-type.bundle.unit-test";
		};
		26DA06862C54ED0700EF89D9 /* Tourist AttractionsUITests */ = {
			isa = PBXNativeTarget;
			buildConfigurationList = 26DA06972C54ED0700EF89D9 /* Build configuration list for PBXNativeTarget "Tourist AttractionsUITests" */;
			buildPhases = (
				26DA06832C54ED0700EF89D9 /* Sources */,
				26DA06842C54ED0700EF89D9 /* Frameworks */,
				26DA06852C54ED0700EF89D9 /* Resources */,
			);
			buildRules = (
			);
			dependencies = (
				26DA06892C54ED0700EF89D9 /* PBXTargetDependency */,
			);
			name = "Tourist AttractionsUITests";
			productName = "Tourist AttractionsUITests";
			productReference = 26DA06872C54ED0700EF89D9 /* Tourist AttractionsUITests.xctest */;
			productType = "com.apple.product-type.bundle.ui-testing";
		};
/* End PBXNativeTarget section */

/* Begin PBXProject section */
		26DA06652C54ED0500EF89D9 /* Project object */ = {
			isa = PBXProject;
			attributes = {
				BuildIndependentTargetsInParallel = 1;
				LastSwiftUpdateCheck = 1540;
				LastUpgradeCheck = 1540;
				TargetAttributes = {
					26DA066C2C54ED0500EF89D9 = {
						CreatedOnToolsVersion = 15.4;
					};
					26DA067C2C54ED0700EF89D9 = {
						CreatedOnToolsVersion = 15.4;
						TestTargetID = 26DA066C2C54ED0500EF89D9;
					};
					26DA06862C54ED0700EF89D9 = {
						CreatedOnToolsVersion = 15.4;
						TestTargetID = 26DA066C2C54ED0500EF89D9;
					};
				};
			};
			buildConfigurationList = 26DA06682C54ED0500EF89D9 /* Build configuration list for PBXProject "Tourist Attractions" */;
			compatibilityVersion = "Xcode 14.0";
			developmentRegion = en;
			hasScannedForEncodings = 0;
			knownRegions = (
				en,
				Base,
			);
			mainGroup = 26DA06642C54ED0500EF89D9;
			productRefGroup = 26DA066E2C54ED0500EF89D9 /* Products */;
			projectDirPath = "";
			projectRoot = "";
			targets = (
				26DA066C2C54ED0500EF89D9 /* Tourist Attractions */,
				26DA067C2C54ED0700EF89D9 /* Tourist AttractionsTests */,
				26DA06862C54ED0700EF89D9 /* Tourist AttractionsUITests */,
			);
		};
/* End PBXProject section */

/* Begin PBXResourcesBuildPhase section */
		26DA066B2C54ED0500EF89D9 /* Resources */ = {
			isa = PBXResourcesBuildPhase;
			buildActionMask = 2147483647;
			files = (
				26DA06782C54ED0700EF89D9 /* Preview Assets.xcassets in Resources */,
				26DA06752C54ED0700EF89D9 /* Assets.xcassets in Resources */,
			);
			runOnlyForDeploymentPostprocessing = 0;
		};
		26DA067B2C54ED0700EF89D9 /* Resources */ = {
			isa = PBXResourcesBuildPhase;
			buildActionMask = 2147483647;
			files = (
			);
			runOnlyForDeploymentPostprocessing = 0;
		};
		26DA06852C54ED0700EF89D9 /* Resources */ = {
			isa = PBXResourcesBuildPhase;
			buildActionMask = 2147483647;
			files = (
			);
			runOnlyForDeploymentPostprocessing = 0;
		};
/* End PBXResourcesBuildPhase section */

/* Begin PBXSourcesBuildPhase section */
		26DA06692C54ED0500EF89D9 /* Sources */ = {
			isa = PBXSourcesBuildPhase;
			buildActionMask = 2147483647;
			files = (
				26DA06732C54ED0500EF89D9 /* ContentView.swift in Sources */,
				26DA06712C54ED0500EF89D9 /* Tourist_AttractionsApp.swift in Sources */,
			);
			runOnlyForDeploymentPostprocessing = 0;
		};
		26DA06792C54ED0700EF89D9 /* Sources */ = {
			isa = PBXSourcesBuildPhase;
			buildActionMask = 2147483647;
			files = (
				26DA06822C54ED0700EF89D9 /* Tourist_AttractionsTests.swift in Sources */,
			);
			runOnlyForDeploymentPostprocessing = 0;
		};
		26DA06832C54ED0700EF89D9 /* Sources */ = {
			isa = PBXSourcesBuildPhase;
			buildActionMask = 2147483647;
			files = (
				26DA068E2C54ED0700EF89D9 /* Tourist_AttractionsUITestsLaunchTests.swift in Sources */,
				26DA068C2C54ED0700EF89D9 /* Tourist_AttractionsUITests.swift in Sources */,
			);
			runOnlyForDeploymentPostprocessing = 0;
		};
/* End PBXSourcesBuildPhase section */

/* Begin PBXTargetDependency section */
		26DA067F2C54ED0700EF89D9 /* PBXTargetDependency */ = {
			isa = PBXTargetDependency;
			target = 26DA066C2C54ED0500EF89D9 /* Tourist Attractions */;
			targetProxy = 26DA067E2C54ED0700EF89D9 /* PBXContainerItemProxy */;
		};
		26DA06892C54ED0700EF89D9 /* PBXTargetDependency */ = {
			isa = PBXTargetDependency;
			target = 26DA066C2C54ED0500EF89D9 /* Tourist Attractions */;
			targetProxy = 26DA06882C54ED0700EF89D9 /* PBXContainerItemProxy */;
		};
/* End PBXTargetDependency section */

/* Begin XCBuildConfiguration section */
		26DA068F2C54ED0700EF89D9 /* Debug */ = {
			isa = XCBuildConfiguration;
			buildSettings = {
				ALWAYS_SEARCH_USER_PATHS = NO;
				ASSETCATALOG_COMPILER_GENERATE_SWIFT_ASSET_SYMBOL_EXTENSIONS = YES;
				CLANG_ANALYZER_NONNULL = YES;
				CLANG_ANALYZER_NUMBER_OBJECT_CONVERSION = YES_AGGRESSIVE;
				CLANG_CXX_LANGUAGE_STANDARD = "gnu++20";
				CLANG_ENABLE_MODULES = YES;
				CLANG_ENABLE_OBJC_ARC = YES;
				CLANG_ENABLE_OBJC_WEAK = YES;
				CLANG_WARN_BLOCK_CAPTURE_AUTORELEASING = YES;
				CLANG_WARN_BOOL_CONVERSION = YES;
				CLANG_WARN_COMMA = YES;
				CLANG_WARN_CONSTANT_CONVERSION = YES;
				CLANG_WARN_DEPRECATED_OBJC_IMPLEMENTATIONS = YES;
				CLANG_WARN_DIRECT_OBJC_ISA_USAGE = YES_ERROR;
				CLANG_WARN_DOCUMENTATION_COMMENTS = YES;
				CLANG_WARN_EMPTY_BODY = YES;
				CLANG_WARN_ENUM_CONVERSION = YES;
				CLANG_WARN_INFINITE_RECURSION = YES;
				CLANG_WARN_INT_CONVERSION = YES;
				CLANG_WARN_NON_LITERAL_NULL_CONVERSION = YES;
				CLANG_WARN_OBJC_IMPLICIT_RETAIN_SELF = YES;
				CLANG_WARN_OBJC_LITERAL_CONVERSION = YES;
				CLANG_WARN_OBJC_ROOT_CLASS = YES_ERROR;
				CLANG_WARN_QUOTED_INCLUDE_IN_FRAMEWORK_HEADER = YES;
				CLANG_WARN_RANGE_LOOP_ANALYSIS = YES;
				CLANG_WARN_STRICT_PROTOTYPES = YES;
				CLANG_WARN_SUSPICIOUS_MOVE = YES;
				CLANG_WARN_UNGUARDED_AVAILABILITY = YES_AGGRESSIVE;
				CLANG_WARN_UNREACHABLE_CODE = YES;
				CLANG_WARN__DUPLICATE_METHOD_MATCH = YES;
				COPY_PHASE_STRIP = NO;
				DEBUG_INFORMATION_FORMAT = dwarf;
				ENABLE_STRICT_OBJC_MSGSEND = YES;
				ENABLE_TESTABILITY = YES;
				ENABLE_USER_SCRIPT_SANDBOXING = YES;
				GCC_C_LANGUAGE_STANDARD = gnu17;
				GCC_DYNAMIC_NO_PIC = NO;
				GCC_NO_COMMON_BLOCKS = YES;
				GCC_OPTIMIZATION_LEVEL = 0;
				GCC_PREPROCESSOR_DEFINITIONS = (
					"DEBUG=1",
					"$(inherited)",
				);
				GCC_WARN_64_TO_32_BIT_CONVERSION = YES;
				GCC_WARN_ABOUT_RETURN_TYPE = YES_ERROR;
				GCC_WARN_UNDECLARED_SELECTOR = YES;
				GCC_WARN_UNINITIALIZED_AUTOS = YES_AGGRESSIVE;
				GCC_WARN_UNUSED_FUNCTION = YES;
				GCC_WARN_UNUSED_VARIABLE = YES;
				IPHONEOS_DEPLOYMENT_TARGET = 17.5;
				LOCALIZATION_PREFERS_STRING_CATALOGS = YES;
				MTL_ENABLE_DEBUG_INFO = INCLUDE_SOURCE;
				MTL_FAST_MATH = YES;
				ONLY_ACTIVE_ARCH = YES;
				SDKROOT = iphoneos;
				SWIFT_ACTIVE_COMPILATION_CONDITIONS = "DEBUG $(inherited)";
				SWIFT_OPTIMIZATION_LEVEL = "-Onone";
			};
			name = Debug;
		};
		26DA06902C54ED0700EF89D9 /* Release */ = {
			isa = XCBuildConfiguration;
			buildSettings = {
				ALWAYS_SEARCH_USER_PATHS = NO;
				ASSETCATALOG_COMPILER_GENERATE_SWIFT_ASSET_SYMBOL_EXTENSIONS = YES;
				CLANG_ANALYZER_NONNULL = YES;
				CLANG_ANALYZER_NUMBER_OBJECT_CONVERSION = YES_AGGRESSIVE;
				CLANG_CXX_LANGUAGE_STANDARD = "gnu++20";
				CLANG_ENABLE_MODULES = YES;
				CLANG_ENABLE_OBJC_ARC = YES;
				CLANG_ENABLE_OBJC_WEAK = YES;
				CLANG_WARN_BLOCK_CAPTURE_AUTORELEASING = YES;
				CLANG_WARN_BOOL_CONVERSION = YES;
				CLANG_WARN_COMMA = YES;
				CLANG_WARN_CONSTANT_CONVERSION = YES;
				CLANG_WARN_DEPRECATED_OBJC_IMPLEMENTATIONS = YES;
				CLANG_WARN_DIRECT_OBJC_ISA_USAGE = YES_ERROR;
				CLANG_WARN_DOCUMENTATION_COMMENTS = YES;
				CLANG_WARN_EMPTY_BODY = YES;
				CLANG_WARN_ENUM_CONVERSION = YES;
				CLANG_WARN_INFINITE_RECURSION = YES;
				CLANG_WARN_INT_CONVERSION = YES;
				CLANG_WARN_NON_LITERAL_NULL_CONVERSION = YES;
				CLANG_WARN_OBJC_IMPLICIT_RETAIN_SELF = YES;
				CLANG_WARN_OBJC_LITERAL_CONVERSION = YES;
				CLANG_WARN_OBJC_ROOT_CLASS = YES_ERROR;
				CLANG_WARN_QUOTED_INCLUDE_IN_FRAMEWORK_HEADER = YES;
				CLANG_WARN_RANGE_LOOP_ANALYSIS = YES;
				CLANG_WARN_STRICT_PROTOTYPES = YES;
				CLANG_WARN_SUSPICIOUS_MOVE = YES;
				CLANG_WARN_UNGUARDED_AVAILABILITY = YES_AGGRESSIVE;
				CLANG_WARN_UNREACHABLE_CODE = YES;
				CLANG_WARN__DUPLICATE_METHOD_MATCH = YES;
				COPY_PHASE_STRIP = NO;
				DEBUG_INFORMATION_FORMAT = "dwarf-with-dsym";
				ENABLE_NS_ASSERTIONS = NO;
				ENABLE_STRICT_OBJC_MSGSEND = YES;
				ENABLE_USER_SCRIPT_SANDBOXING = YES;
				GCC_C_LANGUAGE_STANDARD = gnu17;
				GCC_NO_COMMON_BLOCKS = YES;
				GCC_WARN_64_TO_32_BIT_CONVERSION = YES;
				GCC_WARN_ABOUT_RETURN_TYPE = YES_ERROR;
				GCC_WARN_UNDECLARED_SELECTOR = YES;
				GCC_WARN_UNINITIALIZED_AUTOS = YES_AGGRESSIVE;
				GCC_WARN_UNUSED_FUNCTION = YES;
				GCC_WARN_UNUSED_VARIABLE = YES;
				IPHONEOS_DEPLOYMENT_TARGET = 17.5;
				LOCALIZATION_PREFERS_STRING_CATALOGS = YES;
				MTL_ENABLE_DEBUG_INFO = NO;
				MTL_FAST_MATH = YES;
				SDKROOT = iphoneos;
				SWIFT_COMPILATION_MODE = wholemodule;
				VALIDATE_PRODUCT = YES;
			};
			name = Release;
		};
		26DA06922C54ED0700EF89D9 /* Debug */ = {
			isa = XCBuildConfiguration;
			buildSettings = {
				ASSETCATALOG_COMPILER_APPICON_NAME = AppIcon;
				ASSETCATALOG_COMPILER_GLOBAL_ACCENT_COLOR_NAME = AccentColor;
				CODE_SIGN_STYLE = Automatic;
				CURRENT_PROJECT_VERSION = 1;
				DEVELOPMENT_ASSET_PATHS = "\"Tourist Attractions/Preview Content\"";
				ENABLE_PREVIEWS = YES;
				GENERATE_INFOPLIST_FILE = YES;
				INFOPLIST_KEY_UIApplicationSceneManifest_Generation = YES;
				INFOPLIST_KEY_UIApplicationSupportsIndirectInputEvents = YES;
				INFOPLIST_KEY_UILaunchScreen_Generation = YES;
				INFOPLIST_KEY_UISupportedInterfaceOrientations_iPad = "UIInterfaceOrientationPortrait UIInterfaceOrientationPortraitUpsideDown UIInterfaceOrientationLandscapeLeft UIInterfaceOrientationLandscapeRight";
				INFOPLIST_KEY_UISupportedInterfaceOrientations_iPhone = "UIInterfaceOrientationPortrait UIInterfaceOrientationLandscapeLeft UIInterfaceOrientationLandscapeRight";
				LD_RUNPATH_SEARCH_PATHS = (
					"$(inherited)",
					"@executable_path/Frameworks",
				);
				MARKETING_VERSION = 1.0;
				PRODUCT_BUNDLE_IDENTIFIER = "io.FirstAppDemo.Tourist-Attractions";
				PRODUCT_NAME = "$(TARGET_NAME)";
				SWIFT_EMIT_LOC_STRINGS = YES;
				SWIFT_VERSION = 5.0;
				TARGETED_DEVICE_FAMILY = "1,2";
			};
			name = Debug;
		};
		26DA06932C54ED0700EF89D9 /* Release */ = {
			isa = XCBuildConfiguration;
			buildSettings = {
				ASSETCATALOG_COMPILER_APPICON_NAME = AppIcon;
				ASSETCATALOG_COMPILER_GLOBAL_ACCENT_COLOR_NAME = AccentColor;
				CODE_SIGN_STYLE = Automatic;
				CURRENT_PROJECT_VERSION = 1;
				DEVELOPMENT_ASSET_PATHS = "\"Tourist Attractions/Preview Content\"";
				ENABLE_PREVIEWS = YES;
				GENERATE_INFOPLIST_FILE = YES;
				INFOPLIST_KEY_UIApplicationSceneManifest_Generation = YES;
				INFOPLIST_KEY_UIApplicationSupportsIndirectInputEvents = YES;
				INFOPLIST_KEY_UILaunchScreen_Generation = YES;
				INFOPLIST_KEY_UISupportedInterfaceOrientations_iPad = "UIInterfaceOrientationPortrait UIInterfaceOrientationPortraitUpsideDown UIInterfaceOrientationLandscapeLeft UIInterfaceOrientationLandscapeRight";
				INFOPLIST_KEY_UISupportedInterfaceOrientations_iPhone = "UIInterfaceOrientationPortrait UIInterfaceOrientationLandscapeLeft UIInterfaceOrientationLandscapeRight";
				LD_RUNPATH_SEARCH_PATHS = (
					"$(inherited)",
					"@executable_path/Frameworks",
				);
				MARKETING_VERSION = 1.0;
				PRODUCT_BUNDLE_IDENTIFIER = "io.FirstAppDemo.Tourist-Attractions";
				PRODUCT_NAME = "$(TARGET_NAME)";
				SWIFT_EMIT_LOC_STRINGS = YES;
				SWIFT_VERSION = 5.0;
				TARGETED_DEVICE_FAMILY = "1,2";
			};
			name = Release;
		};
		26DA06952C54ED0700EF89D9 /* Debug */ = {
			isa = XCBuildConfiguration;
			buildSettings = {
				ALWAYS_EMBED_SWIFT_STANDARD_LIBRARIES = YES;
				BUNDLE_LOADER = "$(TEST_HOST)";
				CODE_SIGN_STYLE = Automatic;
				CURRENT_PROJECT_VERSION = 1;
				GENERATE_INFOPLIST_FILE = YES;
				IPHONEOS_DEPLOYMENT_TARGET = 17.5;
				MARKETING_VERSION = 1.0;
				PRODUCT_BUNDLE_IDENTIFIER = "io.FirstAppDemo.Tourist-AttractionsTests";
				PRODUCT_NAME = "$(TARGET_NAME)";
				SWIFT_EMIT_LOC_STRINGS = NO;
				SWIFT_VERSION = 5.0;
				TARGETED_DEVICE_FAMILY = "1,2";
				TEST_HOST = "$(BUILT_PRODUCTS_DIR)/Tourist Attractions.app/$(BUNDLE_EXECUTABLE_FOLDER_PATH)/Tourist Attractions";
			};
			name = Debug;
		};
		26DA06962C54ED0700EF89D9 /* Release */ = {
			isa = XCBuildConfiguration;
			buildSettings = {
				ALWAYS_EMBED_SWIFT_STANDARD_LIBRARIES = YES;
				BUNDLE_LOADER = "$(TEST_HOST)";
				CODE_SIGN_STYLE = Automatic;
				CURRENT_PROJECT_VERSION = 1;
				GENERATE_INFOPLIST_FILE = YES;
				IPHONEOS_DEPLOYMENT_TARGET = 17.5;
				MARKETING_VERSION = 1.0;
				PRODUCT_BUNDLE_IDENTIFIER = "io.FirstAppDemo.Tourist-AttractionsTests";
				PRODUCT_NAME = "$(TARGET_NAME)";
				SWIFT_EMIT_LOC_STRINGS = NO;
				SWIFT_VERSION = 5.0;
				TARGETED_DEVICE_FAMILY = "1,2";
				TEST_HOST = "$(BUILT_PRODUCTS_DIR)/Tourist Attractions.app/$(BUNDLE_EXECUTABLE_FOLDER_PATH)/Tourist Attractions";
			};
			name = Release;
		};
		26DA06982C54ED0700EF89D9 /* Debug */ = {
			isa = XCBuildConfiguration;
			buildSettings = {
				ALWAYS_EMBED_SWIFT_STANDARD_LIBRARIES = YES;
				CODE_SIGN_STYLE = Automatic;
				CURRENT_PROJECT_VERSION = 1;
				GENERATE_INFOPLIST_FILE = YES;
				MARKETING_VERSION = 1.0;
				PRODUCT_BUNDLE_IDENTIFIER = "io.FirstAppDemo.Tourist-AttractionsUITests";
				PRODUCT_NAME = "$(TARGET_NAME)";
				SWIFT_EMIT_LOC_STRINGS = NO;
				SWIFT_VERSION = 5.0;
				TARGETED_DEVICE_FAMILY = "1,2";
				TEST_TARGET_NAME = "Tourist Attractions";
			};
			name = Debug;
		};
		26DA06992C54ED0700EF89D9 /* Release */ = {
			isa = XCBuildConfiguration;
			buildSettings = {
				ALWAYS_EMBED_SWIFT_STANDARD_LIBRARIES = YES;
				CODE_SIGN_STYLE = Automatic;
				CURRENT_PROJECT_VERSION = 1;
				GENERATE_INFOPLIST_FILE = YES;
				MARKETING_VERSION = 1.0;
				PRODUCT_BUNDLE_IDENTIFIER = "io.FirstAppDemo.Tourist-AttractionsUITests";
				PRODUCT_NAME = "$(TARGET_NAME)";
				SWIFT_EMIT_LOC_STRINGS = NO;
				SWIFT_VERSION = 5.0;
				TARGETED_DEVICE_FAMILY = "1,2";
				TEST_TARGET_NAME = "Tourist Attractions";
			};
			name = Release;
		};
/* End XCBuildConfiguration section */

/* Begin XCConfigurationList section */
		26DA06682C54ED0500EF89D9 /* Build configuration list for PBXProject "Tourist Attractions" */ = {
			isa = XCConfigurationList;
			buildConfigurations = (
				26DA068F2C54ED0700EF89D9 /* Debug */,
				26DA06902C54ED0700EF89D9 /* Release */,
			);
			defaultConfigurationIsVisible = 0;
			defaultConfigurationName = Release;
		};
		26DA06912C54ED0700EF89D9 /* Build configuration list for PBXNativeTarget "Tourist Attractions" */ = {
			isa = XCConfigurationList;
			buildConfigurations = (
				26DA06922C54ED0700EF89D9 /* Debug */,
				26DA06932C54ED0700EF89D9 /* Release */,
			);
			defaultConfigurationIsVisible = 0;
			defaultConfigurationName = Release;
		};
		26DA06942C54ED0700EF89D9 /* Build configuration list for PBXNativeTarget "Tourist AttractionsTests" */ = {
			isa = XCConfigurationList;
			buildConfigurations = (
				26DA06952C54ED0700EF89D9 /* Debug */,
				26DA06962C54ED0700EF89D9 /* Release */,
			);
			defaultConfigurationIsVisible = 0;
			defaultConfigurationName = Release;
		};
		26DA06972C54ED0700EF89D9 /* Build configuration list for PBXNativeTarget "Tourist AttractionsUITests" */ = {
			isa = XCConfigurationList;
			buildConfigurations = (
				26DA06982C54ED0700EF89D9 /* Debug */,
				26DA06992C54ED0700EF89D9 /* Release */,
			);
			defaultConfigurationIsVisible = 0;
			defaultConfigurationName = Release;
		};
/* End XCConfigurationList section */
	};
	rootObject = 26DA06652C54ED0500EF89D9 /* Project object */;
}
